
Microsoft Visual Studio Solution File, Format Version 12.00
# Visual Studio 15
Project("{FAE04EC0-301F-11D3-BF4B-00C04F79EFBC}") = "Gighub", "Gighub\Gighub.csproj", "{58F16D63-C1D7-4096-8355-7745383C5638}"
EndProject
Global
	GlobalSection(SolutionConfigurationPlatforms) = preSolution
		Debug|Any CPU = Debug|Any CPU
		Release|Any CPU = Release|Any CPU
	EndGlobalSection
	GlobalSection(ProjectConfigurationPlatforms) = postSolution
		{58F16D63-C1D7-4096-8355-7745383C5638}.Debug|Any CPU.ActiveCfg = Debug|Any CPU
		{58F16D63-C1D7-4096-8355-7745383C5638}.Debug|Any CPU.Build.0 = Debug|Any CPU
		{58F16D63-C1D7-4096-8355-7745383C5638}.Release|Any CPU.ActiveCfg = Release|Any CPU
		{58F16D63-C1D7-4096-8355-7745383C5638}.Release|Any CPU.Build.0 = Release|Any CPU
	EndGlobalSection
EndGlobal
